<?xml version="1.0" encoding="utf-8"?>
<Project ToolsVersion="4.0" xmlns="http://schemas.microsoft.com/developer/msbuild/2003">
  <ItemGroup>
    <Filter Include="src">
      <UniqueIdentifier>{47eacc27-b113-46e8-b9ae-4df62a327da7}</UniqueIdentifier>
    </Filter>
    <Filter Include="libs">
      <UniqueIdentifier>{65f3e599-c162-4797-934d-fa4e6d805caf}</UniqueIdentifier>
    </Filter>
    <Filter Include="includes">
      <UniqueIdentifier>{254a3667-1cdf-4b9f-b2e7-47bffdc6ca89}</UniqueIdentifier>
    </Filter>
  </ItemGroup>
  <ItemGroup>
    <ClInclude Include="includes\component.h">
      <Filter>includes</Filter>
    </ClInclude>
    <ClInclude Include="includes\component_container.h">
      <Filter>includes</Filter>
    </ClInclude>
  </ItemGroup>
  <ItemGroup>
    <ClCompile Include="libs\component_container.cpp">
      <Filter>libs</Filter>
    </ClCompile>
    <ClCompile Include="libs\main.cpp" />
  </ItemGroup>
</Project>